<?xml version="1.0" encoding="UTF-8" standalone="yes" ?>
<CodeBlocks_project_file>
	<FileVersion major="1" minor="6" />
	<Project>
		<Option title="ESDA" />
		<Option pch_mode="2" />
		<Option compiler="gcc" />
		<Build>
			<Target title="Debug">
				<Option output="bin/Debug/ESDA" prefix_auto="1" extension_auto="1" />
				<Option object_output="obj/Debug/" />
				<Option type="1" />
				<Option compiler="gcc" />
				<Compiler>
					<Add option="-g" />
					<Add directory="include" />
				</Compiler>
			</Target>
			<Target title="Release">
				<Option output="bin/Release/ESDA" prefix_auto="1" extension_auto="1" />
				<Option object_output="obj/Release/" />
				<Option type="1" />
				<Option compiler="gcc" />
				<Compiler>
					<Add option="-O2" />
					<Add directory="include" />
				</Compiler>
				<Linker>
					<Add option="-s" />
				</Linker>
			</Target>
		</Build>
		<Compiler>
			<Add option="-Wall" />
		</Compiler>
		<Unit filename="include/All-Tests.h" />
		<Unit filename="include/Dir.h" />
		<Unit filename="include/Lista.h" />
		<Unit filename="include/Pokemon.h" />
		<Unit filename="include/TP1.h" />
		<Unit filename="include/Test.h" />
		<Unit filename="include/Tree.h" />
		<Unit filename="main.cpp" />
		<Unit filename="src/Dir-Test.cpp">
			<Option compile="0" />
			<Option link="0" />
		</Unit>
		<Unit filename="src/Dir.cpp">
			<Option compile="0" />
			<Option link="0" />
		</Unit>
		<Unit filename="src/Lista.cpp" />
		<Unit filename="src/Pokemon-Test.cpp" />
		<Unit filename="src/Pokemon.cpp" />
		<Unit filename="src/TP1-Test.cpp">
			<Option compile="0" />
			<Option link="0" />
		</Unit>
		<Unit filename="src/TP1.cpp">
			<Option compile="0" />
			<Option link="0" />
		</Unit>
		<Unit filename="src/Test/Rutina.cpp" />
		<Unit filename="src/Test/Test.cpp">
			<Option compile="0" />
			<Option link="0" />
		</Unit>
		<Unit filename="src/Test/Unidad.cpp" />
		<Unit filename="src/Tree-Test.cpp">
			<Option compile="0" />
			<Option link="0" />
		</Unit>
		<Unit filename="src/Tree.cpp">
			<Option compile="0" />
			<Option link="0" />
		</Unit>
		<Extensions>
			<code_completion />
			<debugger />
		</Extensions>
	</Project>
</CodeBlocks_project_file>
